GEM
  remote: https://rubygems.org/
  specs:
    ast (2.4.3)
    base64 (0.3.0)
    bigdecimal (4.1.2)
    dotenv (3.2.0)
    drb (2.2.3)
    google-protobuf (4.36.1)
      bigdecimal
      rake (~> 13.3)
    google-protobuf (4.36.1-arm64-darwin)
      bigdecimal
      rake (~> 13.3)
    google-protobuf (4.36.1-x86_64-darwin)
      bigdecimal
      rake (~> 13.3)
    google-protobuf (4.36.1-x86_64-linux-gnu)
      bigdecimal
      rake (~> 13.3)
    googleapis-common-protos-types (1.23.0)
      google-protobuf (~> 4.26)
    grpc (1.83.1)
      google-protobuf (>= 3.25, < 5.0)
      googleapis-common-protos-types (~> 1.0)
    grpc (1.83.1-arm64-darwin)
      google-protobuf (>= 3.25, < 5.0)
      googleapis-common-protos-types (~> 1.0)
    grpc (1.83.1-x86_64-darwin)
      google-protobuf (>= 3.25, < 5.0)
      googleapis-common-protos-types (~> 1.0)
    grpc (1.83.1-x86_64-linux-gnu)
      google-protobuf (>= 3.25, < 5.0)
      googleapis-common-protos-types (~> 1.0)
    json (2.21.2)
    language_server-protocol (3.17.0.6)
    lint_roller (1.1.0)
    minitest (6.0.6)
      drb (~> 2.0)
      prism (~> 1.5)
    parallel (1.28.0)
    parser (3.3.12.0)
      ast (~> 2.4.1)
      racc
    passkit-ruby-grpc-sdk (1.1.162)
      google-protobuf (>= 3.25, < 5.0)
      googleapis-common-protos-types (~> 1.0)
      grpc (~> 1.40)
    prism (1.9.0)
    racc (1.8.1)
    rainbow (3.1.1)
    rake (13.4.2)
    regexp_parser (2.12.0)
    rubocop (1.90.0)
      json (>= 2.3)
      language_server-protocol (~> 3.17.0.2)
      lint_roller (~> 1.1.0)
      parallel (>= 1.10)
      parser (>= 3.3.0.2)
      rainbow (>= 2.2.2, < 4.0)
      regexp_parser (>= 2.9.3, < 3.0)
      rubocop-ast (>= 1.49.0, < 2.0)
      ruby-progressbar (~> 1.7)
      unicode-display_width (>= 2.4.0, < 4.0)
    rubocop-ast (1.50.0)
      parser (>= 3.3.7.2)
      prism (~> 1.7)
    ruby-progressbar (1.13.0)
    unicode-display_width (3.2.0)
      unicode-emoji (~> 4.1)
    unicode-emoji (4.2.0)

PLATFORMS
  arm64-darwin
  ruby
  x86_64-darwin-23
  x86_64-linux

DEPENDENCIES
  base64 (~> 0.3)
  dotenv (~> 3.1)
  minitest (~> 6.0)
  passkit-ruby-grpc-sdk (= 1.1.162)
  rake (~> 13.2)
  rubocop (~> 1.75)

BUNDLED WITH
   2.4.1
